{
  "name": "saladcity-website",
  "version": "1.0.0",
  "lockfileVersion": 3,
  "requires": true,
  "packages": {
    "": {
      "name": "saladcity-website",
      "version": "1.0.0",
      "dependencies": {
        "react": "^18.2.0",
        "react-dom": "^18.2.0",
        "react-router-dom": "^7.5.0",
        "react-scripts": "5.0.1",
        "framer-motion": "^10.16.1",
        "keen-slider": "^6.8.6",
        "recharts": "^2.9.0"
      },
      "devDependencies": {
        "@vitejs/plugin-react": "^4.0.0",
        "vite": "^4.0.0"
      }
    },
    "node_modules/recharts": {
      "version": "2.9.0",
      "resolved": "https://registry.npmjs.org/recharts/-/recharts-2.9.0.tgz",
      "integrity": "sha512-WDZ1WylbAaDWEEMOaw6J7Fs79AC3jMNrxrbqNUkgx1Z0OaYcvJ5JKLPjdA1oCMxLCU6MZ3/23s8Jvzn9PivbVg==",
      "dependencies": {
        "classnames": "^2.3.1",
        "d3-shape": "^3.2.0",
        "lodash": "^4.17.21",
        "prop-types": "^15.8.1"
      }
    }
  }
}
